
Microsoft Visual Studio Solution File, Format Version 12.00
# Visual Studio Version 16
VisualStudioVersion = 16.0.28803.916
MinimumVisualStudioVersion = 10.0.40219.1
Project("{FAE04EC0-301F-11D3-BF4B-00C04F79EFBC}") = "Lampada", "Lampada\Lampada.csproj", "{09DE536B-C24B-4B1F-987B-0BEFA86EA339}"
EndProject
Global
	GlobalSection(SolutionConfigurationPlatforms) = preSolution
		Debug|Any CPU = Debug|Any CPU
		Release|Any CPU = Release|Any CPU
	EndGlobalSection
	GlobalSection(ProjectConfigurationPlatforms) = postSolution
		{09DE536B-C24B-4B1F-987B-0BEFA86EA339}.Debug|Any CPU.ActiveCfg = Debug|Any CPU
		{09DE536B-C24B-4B1F-987B-0BEFA86EA339}.Debug|Any CPU.Build.0 = Debug|Any CPU
		{09DE536B-C24B-4B1F-987B-0BEFA86EA339}.Release|Any CPU.ActiveCfg = Release|Any CPU
		{09DE536B-C24B-4B1F-987B-0BEFA86EA339}.Release|Any CPU.Build.0 = Release|Any CPU
	EndGlobalSection
	GlobalSection(SolutionProperties) = preSolution
		HideSolutionNode = FALSE
	EndGlobalSection
	GlobalSection(ExtensibilityGlobals) = postSolution
		SolutionGuid = {4B8D3CF1-259C-4A0B-BA7C-D279E23AC65D}
	EndGlobalSection
EndGlobal
