
Microsoft Visual Studio Solution File, Format Version 12.00
# Visual Studio Version 16
VisualStudioVersion = 16.0.28803.916
MinimumVisualStudioVersion = 10.0.40219.1
Project("{FAE04EC0-301F-11D3-BF4B-00C04F79EFBC}") = "ArraysMultidimensionais", "ArraysMultidimensionais\ArraysMultidimensionais.csproj", "{D202290C-CF1C-4555-9362-4694C4BCD2C9}"
EndProject
Global
	GlobalSection(SolutionConfigurationPlatforms) = preSolution
		Debug|Any CPU = Debug|Any CPU
		Release|Any CPU = Release|Any CPU
	EndGlobalSection
	GlobalSection(ProjectConfigurationPlatforms) = postSolution
		{D202290C-CF1C-4555-9362-4694C4BCD2C9}.Debug|Any CPU.ActiveCfg = Debug|Any CPU
		{D202290C-CF1C-4555-9362-4694C4BCD2C9}.Debug|Any CPU.Build.0 = Debug|Any CPU
		{D202290C-CF1C-4555-9362-4694C4BCD2C9}.Release|Any CPU.ActiveCfg = Release|Any CPU
		{D202290C-CF1C-4555-9362-4694C4BCD2C9}.Release|Any CPU.Build.0 = Release|Any CPU
	EndGlobalSection
	GlobalSection(SolutionProperties) = preSolution
		HideSolutionNode = FALSE
	EndGlobalSection
	GlobalSection(ExtensibilityGlobals) = postSolution
		SolutionGuid = {AADCAC29-0286-47DD-97E8-682DA8E374BE}
	EndGlobalSection
EndGlobal
